
Microsoft Visual Studio Solution File, Format Version 12.00
# Visual Studio 2013
VisualStudioVersion = 12.0.40629.0
MinimumVisualStudioVersion = 10.0.40219.1
Project("{8BC9CEB8-8B4A-11D0-8D11-00A0C91BC942}") = "trg_win32_tester", "trg_mic_tester\trg_win32_tester.vcxproj", "{556CE5BD-95FB-4B94-8DD4-DE476FCA4AE0}"
	ProjectSection(ProjectDependencies) = postProject
		{4489169A-1068-4827-92E7-37705245CA2B} = {4489169A-1068-4827-92E7-37705245CA2B}
		{011BADE6-2308-41BB-945F-CA041E1E2933} = {011BADE6-2308-41BB-945F-CA041E1E2933}
	EndProjectSection
EndProject
Project("{8BC9CEB8-8B4A-11D0-8D11-00A0C91BC942}") = "Feat2Pass", "Feat2Pass\Feat2Pass.vcxproj", "{A204CA49-1865-4C33-851F-B8211CAAA012}"
EndProject
Project("{8BC9CEB8-8B4A-11D0-8D11-00A0C91BC942}") = "FrontEnd", "FrontEnd\FrontEnd.vcxproj", "{011BADE6-2308-41BB-945F-CA041E1E2933}"
	ProjectSection(ProjectDependencies) = postProject
		{CB783F31-0F30-4B91-BD0D-B46D97B875F3} = {CB783F31-0F30-4B91-BD0D-B46D97B875F3}
		{A204CA49-1865-4C33-851F-B8211CAAA012} = {A204CA49-1865-4C33-851F-B8211CAAA012}
	EndProjectSection
EndProject
Project("{8BC9CEB8-8B4A-11D0-8D11-00A0C91BC942}") = "DIOAcousticRecog", "DNNEpd\DIOAcousticRecog\DIOAcousticRecog.vcxproj", "{CB783F31-0F30-4B91-BD0D-B46D97B875F3}"
	ProjectSection(ProjectDependencies) = postProject
		{B1F53207-55DD-438B-8369-527F3F704A67} = {B1F53207-55DD-438B-8369-527F3F704A67}
		{A204CA49-1865-4C33-851F-B8211CAAA012} = {A204CA49-1865-4C33-851F-B8211CAAA012}
		{C26431AA-D413-450C-814C-9BBFD0ED6BB9} = {C26431AA-D413-450C-814C-9BBFD0ED6BB9}
		{C94811E9-FAFA-472C-A251-3286E4080445} = {C94811E9-FAFA-472C-A251-3286E4080445}
	EndProjectSection
EndProject
Project("{2150E333-8FDC-42A3-9474-1A3956D46DE8}") = "DNN EPD", "DNN EPD", "{2EEE7674-314C-4789-8CF8-3652DF11FB39}"
EndProject
Project("{8BC9CEB8-8B4A-11D0-8D11-00A0C91BC942}") = "base", "DNNEpd\base\base.vcxproj", "{B1F53207-55DD-438B-8369-527F3F704A67}"
EndProject
Project("{8BC9CEB8-8B4A-11D0-8D11-00A0C91BC942}") = "Feature", "DNNEpd\feat_spec\Feature.vcxproj", "{C94811E9-FAFA-472C-A251-3286E4080445}"
EndProject
Project("{8BC9CEB8-8B4A-11D0-8D11-00A0C91BC942}") = "module", "DNNEpd\module\module.vcxproj", "{C26431AA-D413-450C-814C-9BBFD0ED6BB9}"
EndProject
Project("{8BC9CEB8-8B4A-11D0-8D11-00A0C91BC942}") = "dnn_trigger", "dnn_trigger_decoder\dnn_decoder.vcxproj", "{4489169A-1068-4827-92E7-37705245CA2B}"
	ProjectSection(ProjectDependencies) = postProject
		{011BADE6-2308-41BB-945F-CA041E1E2933} = {011BADE6-2308-41BB-945F-CA041E1E2933}
	EndProjectSection
EndProject
Project("{8BC9CEB8-8B4A-11D0-8D11-00A0C91BC942}") = "trg_file_tester", "trg_file_tester\trg_file_tester.vcxproj", "{40DC5630-0102-483C-AFD3-18BEFA29F1EE}"
	ProjectSection(ProjectDependencies) = postProject
		{CB783F31-0F30-4B91-BD0D-B46D97B875F3} = {CB783F31-0F30-4B91-BD0D-B46D97B875F3}
		{4489169A-1068-4827-92E7-37705245CA2B} = {4489169A-1068-4827-92E7-37705245CA2B}
		{011BADE6-2308-41BB-945F-CA041E1E2933} = {011BADE6-2308-41BB-945F-CA041E1E2933}
	EndProjectSection
EndProject
Project("{8BC9CEB8-8B4A-11D0-8D11-00A0C91BC942}") = "trg_octo_tester", "trg_octo_tester\trg_octo_tester.vcxproj", "{BDE5CA4B-8EB9-4D97-B381-9B6E97C7F403}"
	ProjectSection(ProjectDependencies) = postProject
		{A204CA49-1865-4C33-851F-B8211CAAA012} = {A204CA49-1865-4C33-851F-B8211CAAA012}
		{4489169A-1068-4827-92E7-37705245CA2B} = {4489169A-1068-4827-92E7-37705245CA2B}
		{011BADE6-2308-41BB-945F-CA041E1E2933} = {011BADE6-2308-41BB-945F-CA041E1E2933}
	EndProjectSection
EndProject
Project("{8BC9CEB8-8B4A-11D0-8D11-00A0C91BC942}") = "trg_mfc", "trg_mfc\trg_mfc.vcxproj", "{867F3B08-EB88-42BA-9B7B-590E704D2CF9}"
	ProjectSection(ProjectDependencies) = postProject
		{4489169A-1068-4827-92E7-37705245CA2B} = {4489169A-1068-4827-92E7-37705245CA2B}
		{011BADE6-2308-41BB-945F-CA041E1E2933} = {011BADE6-2308-41BB-945F-CA041E1E2933}
	EndProjectSection
EndProject
Global
	GlobalSection(SolutionConfigurationPlatforms) = preSolution
		Debug|Win32 = Debug|Win32
		Debug|x64 = Debug|x64
		Release|Win32 = Release|Win32
		Release|x64 = Release|x64
	EndGlobalSection
	GlobalSection(ProjectConfigurationPlatforms) = postSolution
		{556CE5BD-95FB-4B94-8DD4-DE476FCA4AE0}.Debug|Win32.ActiveCfg = Debug|Win32
		{556CE5BD-95FB-4B94-8DD4-DE476FCA4AE0}.Debug|Win32.Build.0 = Debug|Win32
		{556CE5BD-95FB-4B94-8DD4-DE476FCA4AE0}.Debug|x64.ActiveCfg = Debug|x64
		{556CE5BD-95FB-4B94-8DD4-DE476FCA4AE0}.Debug|x64.Build.0 = Debug|x64
		{556CE5BD-95FB-4B94-8DD4-DE476FCA4AE0}.Release|Win32.ActiveCfg = Release|Win32
		{556CE5BD-95FB-4B94-8DD4-DE476FCA4AE0}.Release|Win32.Build.0 = Release|Win32
		{556CE5BD-95FB-4B94-8DD4-DE476FCA4AE0}.Release|x64.ActiveCfg = Release|x64
		{556CE5BD-95FB-4B94-8DD4-DE476FCA4AE0}.Release|x64.Build.0 = Release|x64
		{A204CA49-1865-4C33-851F-B8211CAAA012}.Debug|Win32.ActiveCfg = Debug|Win32
		{A204CA49-1865-4C33-851F-B8211CAAA012}.Debug|Win32.Build.0 = Debug|Win32
		{A204CA49-1865-4C33-851F-B8211CAAA012}.Debug|x64.ActiveCfg = Debug|x64
		{A204CA49-1865-4C33-851F-B8211CAAA012}.Debug|x64.Build.0 = Debug|x64
		{A204CA49-1865-4C33-851F-B8211CAAA012}.Release|Win32.ActiveCfg = Release|Win32
		{A204CA49-1865-4C33-851F-B8211CAAA012}.Release|Win32.Build.0 = Release|Win32
		{A204CA49-1865-4C33-851F-B8211CAAA012}.Release|x64.ActiveCfg = Release|x64
		{A204CA49-1865-4C33-851F-B8211CAAA012}.Release|x64.Build.0 = Release|x64
		{011BADE6-2308-41BB-945F-CA041E1E2933}.Debug|Win32.ActiveCfg = Debug|Win32
		{011BADE6-2308-41BB-945F-CA041E1E2933}.Debug|Win32.Build.0 = Debug|Win32
		{011BADE6-2308-41BB-945F-CA041E1E2933}.Debug|x64.ActiveCfg = Debug|x64
		{011BADE6-2308-41BB-945F-CA041E1E2933}.Debug|x64.Build.0 = Debug|x64
		{011BADE6-2308-41BB-945F-CA041E1E2933}.Release|Win32.ActiveCfg = Release|Win32
		{011BADE6-2308-41BB-945F-CA041E1E2933}.Release|Win32.Build.0 = Release|Win32
		{011BADE6-2308-41BB-945F-CA041E1E2933}.Release|x64.ActiveCfg = Release|x64
		{011BADE6-2308-41BB-945F-CA041E1E2933}.Release|x64.Build.0 = Release|x64
		{CB783F31-0F30-4B91-BD0D-B46D97B875F3}.Debug|Win32.ActiveCfg = Debug|Win32
		{CB783F31-0F30-4B91-BD0D-B46D97B875F3}.Debug|Win32.Build.0 = Debug|Win32
		{CB783F31-0F30-4B91-BD0D-B46D97B875F3}.Debug|x64.ActiveCfg = Debug|x64
		{CB783F31-0F30-4B91-BD0D-B46D97B875F3}.Debug|x64.Build.0 = Debug|x64
		{CB783F31-0F30-4B91-BD0D-B46D97B875F3}.Release|Win32.ActiveCfg = Release|Win32
		{CB783F31-0F30-4B91-BD0D-B46D97B875F3}.Release|Win32.Build.0 = Release|Win32
		{CB783F31-0F30-4B91-BD0D-B46D97B875F3}.Release|x64.ActiveCfg = Release|x64
		{CB783F31-0F30-4B91-BD0D-B46D97B875F3}.Release|x64.Build.0 = Release|x64
		{B1F53207-55DD-438B-8369-527F3F704A67}.Debug|Win32.ActiveCfg = Debug|Win32
		{B1F53207-55DD-438B-8369-527F3F704A67}.Debug|Win32.Build.0 = Debug|Win32
		{B1F53207-55DD-438B-8369-527F3F704A67}.Debug|x64.ActiveCfg = Debug|x64
		{B1F53207-55DD-438B-8369-527F3F704A67}.Debug|x64.Build.0 = Debug|x64
		{B1F53207-55DD-438B-8369-527F3F704A67}.Release|Win32.ActiveCfg = Release|Win32
		{B1F53207-55DD-438B-8369-527F3F704A67}.Release|Win32.Build.0 = Release|Win32
		{B1F53207-55DD-438B-8369-527F3F704A67}.Release|x64.ActiveCfg = Release|x64
		{B1F53207-55DD-438B-8369-527F3F704A67}.Release|x64.Build.0 = Release|x64
		{C94811E9-FAFA-472C-A251-3286E4080445}.Debug|Win32.ActiveCfg = Debug|Win32
		{C94811E9-FAFA-472C-A251-3286E4080445}.Debug|Win32.Build.0 = Debug|Win32
		{C94811E9-FAFA-472C-A251-3286E4080445}.Debug|x64.ActiveCfg = Debug|x64
		{C94811E9-FAFA-472C-A251-3286E4080445}.Debug|x64.Build.0 = Debug|x64
		{C94811E9-FAFA-472C-A251-3286E4080445}.Release|Win32.ActiveCfg = Release|Win32
		{C94811E9-FAFA-472C-A251-3286E4080445}.Release|Win32.Build.0 = Release|Win32
		{C94811E9-FAFA-472C-A251-3286E4080445}.Release|x64.ActiveCfg = Release|x64
		{C94811E9-FAFA-472C-A251-3286E4080445}.Release|x64.Build.0 = Release|x64
		{C26431AA-D413-450C-814C-9BBFD0ED6BB9}.Debug|Win32.ActiveCfg = Debug|Win32
		{C26431AA-D413-450C-814C-9BBFD0ED6BB9}.Debug|Win32.Build.0 = Debug|Win32
		{C26431AA-D413-450C-814C-9BBFD0ED6BB9}.Debug|x64.ActiveCfg = Debug|x64
		{C26431AA-D413-450C-814C-9BBFD0ED6BB9}.Debug|x64.Build.0 = Debug|x64
		{C26431AA-D413-450C-814C-9BBFD0ED6BB9}.Release|Win32.ActiveCfg = Release|Win32
		{C26431AA-D413-450C-814C-9BBFD0ED6BB9}.Release|Win32.Build.0 = Release|Win32
		{C26431AA-D413-450C-814C-9BBFD0ED6BB9}.Release|x64.ActiveCfg = Release|x64
		{C26431AA-D413-450C-814C-9BBFD0ED6BB9}.Release|x64.Build.0 = Release|x64
		{4489169A-1068-4827-92E7-37705245CA2B}.Debug|Win32.ActiveCfg = Debug|Win32
		{4489169A-1068-4827-92E7-37705245CA2B}.Debug|Win32.Build.0 = Debug|Win32
		{4489169A-1068-4827-92E7-37705245CA2B}.Debug|x64.ActiveCfg = Debug|x64
		{4489169A-1068-4827-92E7-37705245CA2B}.Debug|x64.Build.0 = Debug|x64
		{4489169A-1068-4827-92E7-37705245CA2B}.Release|Win32.ActiveCfg = Release|Win32
		{4489169A-1068-4827-92E7-37705245CA2B}.Release|Win32.Build.0 = Release|Win32
		{4489169A-1068-4827-92E7-37705245CA2B}.Release|x64.ActiveCfg = Release|x64
		{4489169A-1068-4827-92E7-37705245CA2B}.Release|x64.Build.0 = Release|x64
		{40DC5630-0102-483C-AFD3-18BEFA29F1EE}.Debug|Win32.ActiveCfg = Debug|Win32
		{40DC5630-0102-483C-AFD3-18BEFA29F1EE}.Debug|Win32.Build.0 = Debug|Win32
		{40DC5630-0102-483C-AFD3-18BEFA29F1EE}.Debug|x64.ActiveCfg = Debug|x64
		{40DC5630-0102-483C-AFD3-18BEFA29F1EE}.Debug|x64.Build.0 = Debug|x64
		{40DC5630-0102-483C-AFD3-18BEFA29F1EE}.Release|Win32.ActiveCfg = Release|Win32
		{40DC5630-0102-483C-AFD3-18BEFA29F1EE}.Release|Win32.Build.0 = Release|Win32
		{40DC5630-0102-483C-AFD3-18BEFA29F1EE}.Release|x64.ActiveCfg = Release|x64
		{40DC5630-0102-483C-AFD3-18BEFA29F1EE}.Release|x64.Build.0 = Release|x64
		{BDE5CA4B-8EB9-4D97-B381-9B6E97C7F403}.Debug|Win32.ActiveCfg = Debug|Win32
		{BDE5CA4B-8EB9-4D97-B381-9B6E97C7F403}.Debug|Win32.Build.0 = Debug|Win32
		{BDE5CA4B-8EB9-4D97-B381-9B6E97C7F403}.Debug|x64.ActiveCfg = Debug|Win32
		{BDE5CA4B-8EB9-4D97-B381-9B6E97C7F403}.Release|Win32.ActiveCfg = Release|Win32
		{BDE5CA4B-8EB9-4D97-B381-9B6E97C7F403}.Release|Win32.Build.0 = Release|Win32
		{BDE5CA4B-8EB9-4D97-B381-9B6E97C7F403}.Release|x64.ActiveCfg = Release|Win32
		{867F3B08-EB88-42BA-9B7B-590E704D2CF9}.Debug|Win32.ActiveCfg = Debug|Win32
		{867F3B08-EB88-42BA-9B7B-590E704D2CF9}.Debug|Win32.Build.0 = Debug|Win32
		{867F3B08-EB88-42BA-9B7B-590E704D2CF9}.Debug|x64.ActiveCfg = Debug|x64
		{867F3B08-EB88-42BA-9B7B-590E704D2CF9}.Debug|x64.Build.0 = Debug|x64
		{867F3B08-EB88-42BA-9B7B-590E704D2CF9}.Release|Win32.ActiveCfg = Release|Win32
		{867F3B08-EB88-42BA-9B7B-590E704D2CF9}.Release|Win32.Build.0 = Release|Win32
		{867F3B08-EB88-42BA-9B7B-590E704D2CF9}.Release|x64.ActiveCfg = Release|x64
		{867F3B08-EB88-42BA-9B7B-590E704D2CF9}.Release|x64.Build.0 = Release|x64
	EndGlobalSection
	GlobalSection(SolutionProperties) = preSolution
		HideSolutionNode = FALSE
	EndGlobalSection
	GlobalSection(NestedProjects) = preSolution
		{CB783F31-0F30-4B91-BD0D-B46D97B875F3} = {2EEE7674-314C-4789-8CF8-3652DF11FB39}
		{B1F53207-55DD-438B-8369-527F3F704A67} = {2EEE7674-314C-4789-8CF8-3652DF11FB39}
		{C94811E9-FAFA-472C-A251-3286E4080445} = {2EEE7674-314C-4789-8CF8-3652DF11FB39}
		{C26431AA-D413-450C-814C-9BBFD0ED6BB9} = {2EEE7674-314C-4789-8CF8-3652DF11FB39}
	EndGlobalSection
EndGlobal
